
Microsoft Visual Studio Solution File, Format Version 12.00
# Visual Studio Version 17
VisualStudioVersion = 17.3.32929.385
MinimumVisualStudioVersion = 10.0.40219.1
Project("{9A19103F-16F7-4668-BE54-9A1E7A4F7556}") = "DatabaseImplement", "DatabaseImplement\DatabaseImplement.csproj", "{BEE808D2-24E2-4D65-948E-BCCBD292EF94}"
EndProject
Project("{9A19103F-16F7-4668-BE54-9A1E7A4F7556}") = "Contracts", "Contracts\Contracts.csproj", "{44611ADA-785C-4CBE-B295-675E84A4650C}"
EndProject
Project("{9A19103F-16F7-4668-BE54-9A1E7A4F7556}") = "BusinessLogic", "BusinessLogic\BusinessLogic.csproj", "{CFF3ECC8-5FF1-453B-9BD0-6534053D3D73}"
EndProject
Project("{9A19103F-16F7-4668-BE54-9A1E7A4F7556}") = "View", "View\View.csproj", "{382901CA-EDC3-4C2D-BA05-D2EA8A52937A}"
EndProject
Project("{9A19103F-16F7-4668-BE54-9A1E7A4F7556}") = "CustomComponents", "CustomComponents_Lab1\CustomComponents.csproj", "{8D00778D-D773-4F4D-8A63-7A66EFD128A2}"
EndProject
Project("{9A19103F-16F7-4668-BE54-9A1E7A4F7556}") = "PluginsConvention", "PluginsConvention\PluginsConvention.csproj", "{A8009F09-1C41-429A-8785-B4A69C4F883B}"
EndProject
Project("{9A19103F-16F7-4668-BE54-9A1E7A4F7556}") = "WinFormsAppByPlugins", "WinFormsAppByPlugins\WinFormsAppByPlugins.csproj", "{CEEC33E9-C822-45C9-BB0C-95E37205FD26}"
EndProject
Project("{FAE04EC0-301F-11D3-BF4B-00C04F79EFBC}") = "AppByPlugins", "AppByPlugins\AppByPlugins.csproj", "{D0B47537-8CDD-498F-9E6B-FF2C084DF2A2}"
EndProject
Global
	GlobalSection(SolutionConfigurationPlatforms) = preSolution
		Debug|Any CPU = Debug|Any CPU
		Release|Any CPU = Release|Any CPU
	EndGlobalSection
	GlobalSection(ProjectConfigurationPlatforms) = postSolution
		{BEE808D2-24E2-4D65-948E-BCCBD292EF94}.Debug|Any CPU.ActiveCfg = Debug|Any CPU
		{BEE808D2-24E2-4D65-948E-BCCBD292EF94}.Debug|Any CPU.Build.0 = Debug|Any CPU
		{BEE808D2-24E2-4D65-948E-BCCBD292EF94}.Release|Any CPU.ActiveCfg = Release|Any CPU
		{BEE808D2-24E2-4D65-948E-BCCBD292EF94}.Release|Any CPU.Build.0 = Release|Any CPU
		{44611ADA-785C-4CBE-B295-675E84A4650C}.Debug|Any CPU.ActiveCfg = Debug|Any CPU
		{44611ADA-785C-4CBE-B295-675E84A4650C}.Debug|Any CPU.Build.0 = Debug|Any CPU
		{44611ADA-785C-4CBE-B295-675E84A4650C}.Release|Any CPU.ActiveCfg = Release|Any CPU
		{44611ADA-785C-4CBE-B295-675E84A4650C}.Release|Any CPU.Build.0 = Release|Any CPU
		{CFF3ECC8-5FF1-453B-9BD0-6534053D3D73}.Debug|Any CPU.ActiveCfg = Debug|Any CPU
		{CFF3ECC8-5FF1-453B-9BD0-6534053D3D73}.Debug|Any CPU.Build.0 = Debug|Any CPU
		{CFF3ECC8-5FF1-453B-9BD0-6534053D3D73}.Release|Any CPU.ActiveCfg = Release|Any CPU
		{CFF3ECC8-5FF1-453B-9BD0-6534053D3D73}.Release|Any CPU.Build.0 = Release|Any CPU
		{382901CA-EDC3-4C2D-BA05-D2EA8A52937A}.Debug|Any CPU.ActiveCfg = Debug|Any CPU
		{382901CA-EDC3-4C2D-BA05-D2EA8A52937A}.Debug|Any CPU.Build.0 = Debug|Any CPU
		{382901CA-EDC3-4C2D-BA05-D2EA8A52937A}.Release|Any CPU.ActiveCfg = Release|Any CPU
		{382901CA-EDC3-4C2D-BA05-D2EA8A52937A}.Release|Any CPU.Build.0 = Release|Any CPU
		{8D00778D-D773-4F4D-8A63-7A66EFD128A2}.Debug|Any CPU.ActiveCfg = Debug|Any CPU
		{8D00778D-D773-4F4D-8A63-7A66EFD128A2}.Debug|Any CPU.Build.0 = Debug|Any CPU
		{8D00778D-D773-4F4D-8A63-7A66EFD128A2}.Release|Any CPU.ActiveCfg = Release|Any CPU
		{8D00778D-D773-4F4D-8A63-7A66EFD128A2}.Release|Any CPU.Build.0 = Release|Any CPU
		{A8009F09-1C41-429A-8785-B4A69C4F883B}.Debug|Any CPU.ActiveCfg = Debug|Any CPU
		{A8009F09-1C41-429A-8785-B4A69C4F883B}.Debug|Any CPU.Build.0 = Debug|Any CPU
		{A8009F09-1C41-429A-8785-B4A69C4F883B}.Release|Any CPU.ActiveCfg = Release|Any CPU
		{A8009F09-1C41-429A-8785-B4A69C4F883B}.Release|Any CPU.Build.0 = Release|Any CPU
		{CEEC33E9-C822-45C9-BB0C-95E37205FD26}.Debug|Any CPU.ActiveCfg = Debug|Any CPU
		{CEEC33E9-C822-45C9-BB0C-95E37205FD26}.Debug|Any CPU.Build.0 = Debug|Any CPU
		{CEEC33E9-C822-45C9-BB0C-95E37205FD26}.Release|Any CPU.ActiveCfg = Release|Any CPU
		{CEEC33E9-C822-45C9-BB0C-95E37205FD26}.Release|Any CPU.Build.0 = Release|Any CPU
		{D0B47537-8CDD-498F-9E6B-FF2C084DF2A2}.Debug|Any CPU.ActiveCfg = Debug|Any CPU
		{D0B47537-8CDD-498F-9E6B-FF2C084DF2A2}.Debug|Any CPU.Build.0 = Debug|Any CPU
		{D0B47537-8CDD-498F-9E6B-FF2C084DF2A2}.Release|Any CPU.ActiveCfg = Release|Any CPU
		{D0B47537-8CDD-498F-9E6B-FF2C084DF2A2}.Release|Any CPU.Build.0 = Release|Any CPU
	EndGlobalSection
	GlobalSection(SolutionProperties) = preSolution
		HideSolutionNode = FALSE
	EndGlobalSection
	GlobalSection(ExtensibilityGlobals) = postSolution
		SolutionGuid = {2840E312-0654-4EF3-8222-ED02FC1E6770}
	EndGlobalSection
EndGlobal
